
Microsoft Visual Studio Solution File, Format Version 12.00
# Visual Studio Version 16
VisualStudioVersion = 16.0.31613.86
MinimumVisualStudioVersion = 10.0.40219.1
Project("{9A19103F-16F7-4668-BE54-9A1E7A4F7556}") = "BankApp", "BankApp\BankApp.csproj", "{3727C5DC-CD89-4D26-80C9-59DEB789714D}"
EndProject
Project("{9A19103F-16F7-4668-BE54-9A1E7A4F7556}") = "BankyStuffLibrary", "BankyStuffLibrary\BankyStuffLibrary.csproj", "{B40FFDF8-7A62-4269-BA36-07A9A0B82E2F}"
EndProject
Project("{FAE04EC0-301F-11D3-BF4B-00C04F79EFBC}") = "BankingTests", "BankingTests\BankingTests.csproj", "{89AFB7AF-8FB4-41CA-BD20-4D3792C0B561}"
EndProject
Global
	GlobalSection(SolutionConfigurationPlatforms) = preSolution
		Debug|Any CPU = Debug|Any CPU
		Release|Any CPU = Release|Any CPU
	EndGlobalSection
	GlobalSection(ProjectConfigurationPlatforms) = postSolution
		{3727C5DC-CD89-4D26-80C9-59DEB789714D}.Debug|Any CPU.ActiveCfg = Debug|Any CPU
		{3727C5DC-CD89-4D26-80C9-59DEB789714D}.Debug|Any CPU.Build.0 = Debug|Any CPU
		{3727C5DC-CD89-4D26-80C9-59DEB789714D}.Release|Any CPU.ActiveCfg = Release|Any CPU
		{3727C5DC-CD89-4D26-80C9-59DEB789714D}.Release|Any CPU.Build.0 = Release|Any CPU
		{B40FFDF8-7A62-4269-BA36-07A9A0B82E2F}.Debug|Any CPU.ActiveCfg = Debug|Any CPU
		{B40FFDF8-7A62-4269-BA36-07A9A0B82E2F}.Debug|Any CPU.Build.0 = Debug|Any CPU
		{B40FFDF8-7A62-4269-BA36-07A9A0B82E2F}.Release|Any CPU.ActiveCfg = Release|Any CPU
		{B40FFDF8-7A62-4269-BA36-07A9A0B82E2F}.Release|Any CPU.Build.0 = Release|Any CPU
		{89AFB7AF-8FB4-41CA-BD20-4D3792C0B561}.Debug|Any CPU.ActiveCfg = Debug|Any CPU
		{89AFB7AF-8FB4-41CA-BD20-4D3792C0B561}.Debug|Any CPU.Build.0 = Debug|Any CPU
		{89AFB7AF-8FB4-41CA-BD20-4D3792C0B561}.Release|Any CPU.ActiveCfg = Release|Any CPU
		{89AFB7AF-8FB4-41CA-BD20-4D3792C0B561}.Release|Any CPU.Build.0 = Release|Any CPU
	EndGlobalSection
	GlobalSection(SolutionProperties) = preSolution
		HideSolutionNode = FALSE
	EndGlobalSection
	GlobalSection(ExtensibilityGlobals) = postSolution
		SolutionGuid = {EE090F21-4895-41CE-9934-FCC44CBA7282}
	EndGlobalSection
EndGlobal
